
Microsoft Visual Studio Solution File, Format Version 12.00
# Visual Studio Version 17
VisualStudioVersion = 17.2.32630.192
MinimumVisualStudioVersion = 10.0.40219.1
Project("{FAE04EC0-301F-11D3-BF4B-00C04F79EFBC}") = "pmms", "pmms\pmms.csproj", "{A50507D7-7C76-442D-AD71-3754604D5338}"
EndProject
Global
	GlobalSection(SolutionConfigurationPlatforms) = preSolution
		Debug|Any CPU = Debug|Any CPU
		Release|Any CPU = Release|Any CPU
	EndGlobalSection
	GlobalSection(ProjectConfigurationPlatforms) = postSolution
		{A50507D7-7C76-442D-AD71-3754604D5338}.Debug|Any CPU.ActiveCfg = Debug|Any CPU
		{A50507D7-7C76-442D-AD71-3754604D5338}.Debug|Any CPU.Build.0 = Debug|Any CPU
		{A50507D7-7C76-442D-AD71-3754604D5338}.Release|Any CPU.ActiveCfg = Release|Any CPU
		{A50507D7-7C76-442D-AD71-3754604D5338}.Release|Any CPU.Build.0 = Release|Any CPU
	EndGlobalSection
	GlobalSection(SolutionProperties) = preSolution
		HideSolutionNode = FALSE
	EndGlobalSection
	GlobalSection(ExtensibilityGlobals) = postSolution
		SolutionGuid = {08731910-F9F9-4E88-927F-18F0878D319A}
	EndGlobalSection
EndGlobal
